
Microsoft Visual Studio Solution File, Format Version 12.00
# Visual Studio Version 17
VisualStudioVersion = 17.11.35312.102
MinimumVisualStudioVersion = 10.0.40219.1
Project("{FAE04EC0-301F-11D3-BF4B-00C04F79EFBC}") = "FizzBuzz", "FizzBuzz\FizzBuzz.csproj", "{8CBF650C-E2A1-4287-939F-42BB6A6DF57C}"
EndProject
Project("{FAE04EC0-301F-11D3-BF4B-00C04F79EFBC}") = "FizzBuzzUnitTests", "FizzBuzzUnitTests\FizzBuzzUnitTests.csproj", "{2F9A37CA-39B8-4DB6-9175-24D1C8950FD0}"
EndProject
Project("{FAE04EC0-301F-11D3-BF4B-00C04F79EFBC}") = "FizzBuzzConsole", "FizzBuzzConsole\FizzBuzzConsole.csproj", "{0BB272E3-00C3-4940-8929-A09B5459EB89}"
EndProject
Global
	GlobalSection(SolutionConfigurationPlatforms) = preSolution
		Debug|Any CPU = Debug|Any CPU
		Release|Any CPU = Release|Any CPU
	EndGlobalSection
	GlobalSection(ProjectConfigurationPlatforms) = postSolution
		{8CBF650C-E2A1-4287-939F-42BB6A6DF57C}.Debug|Any CPU.ActiveCfg = Debug|Any CPU
		{8CBF650C-E2A1-4287-939F-42BB6A6DF57C}.Debug|Any CPU.Build.0 = Debug|Any CPU
		{8CBF650C-E2A1-4287-939F-42BB6A6DF57C}.Release|Any CPU.ActiveCfg = Release|Any CPU
		{8CBF650C-E2A1-4287-939F-42BB6A6DF57C}.Release|Any CPU.Build.0 = Release|Any CPU
		{2F9A37CA-39B8-4DB6-9175-24D1C8950FD0}.Debug|Any CPU.ActiveCfg = Debug|Any CPU
		{2F9A37CA-39B8-4DB6-9175-24D1C8950FD0}.Debug|Any CPU.Build.0 = Debug|Any CPU
		{2F9A37CA-39B8-4DB6-9175-24D1C8950FD0}.Release|Any CPU.ActiveCfg = Release|Any CPU
		{2F9A37CA-39B8-4DB6-9175-24D1C8950FD0}.Release|Any CPU.Build.0 = Release|Any CPU
		{0BB272E3-00C3-4940-8929-A09B5459EB89}.Debug|Any CPU.ActiveCfg = Debug|Any CPU
		{0BB272E3-00C3-4940-8929-A09B5459EB89}.Debug|Any CPU.Build.0 = Debug|Any CPU
		{0BB272E3-00C3-4940-8929-A09B5459EB89}.Release|Any CPU.ActiveCfg = Release|Any CPU
		{0BB272E3-00C3-4940-8929-A09B5459EB89}.Release|Any CPU.Build.0 = Release|Any CPU
	EndGlobalSection
	GlobalSection(SolutionProperties) = preSolution
		HideSolutionNode = FALSE
	EndGlobalSection
	GlobalSection(ExtensibilityGlobals) = postSolution
		SolutionGuid = {C27ED82B-446C-4176-BE90-E5788DA17E2B}
	EndGlobalSection
EndGlobal
